{
  "name": "CloudResourceOptimizationPlatform",
  "lockfileVersion": 3,
  "requires": true,
  "packages": {
    "": {
      "dependencies": {
        "ai-framework-generator": "^1.1.2"
      }
    },
    "node_modules/ai-framework-generator": {
      "version": "1.1.2",
      "resolved": "https://registry.npmjs.org/ai-framework-generator/-/ai-framework-generator-1.1.2.tgz",
      "integrity": "sha512-J4GHoVdJyDc47AHii49OSK91B/Fy86iXJwJchIUfXd540MPUP3o37QiZK2n20JsFLboXdONR6Lqa5SwzMO6MpQ==",
      "license": "MIT",
      "bin": {
        "ai-framework-gen": "generate-ai-framework.js"
      },
      "engines": {
        "node": ">=14.0.0"
      }
    }
  }
}
